
Microsoft Visual Studio Solution File, Format Version 12.00
# Visual Studio Version 17
VisualStudioVersion = 17.1.32407.343
MinimumVisualStudioVersion = 10.0.40219.1
Project("{FAE04EC0-301F-11D3-BF4B-00C04F79EFBC}") = "TicTacToeApp", "TicTacToeApp\TicTacToeApp.csproj", "{DF577D11-1BAC-41ED-A3EE-30429EE47E6B}"
EndProject
Global
	GlobalSection(SolutionConfigurationPlatforms) = preSolution
		Debug|Any CPU = Debug|Any CPU
		Release|Any CPU = Release|Any CPU
	EndGlobalSection
	GlobalSection(ProjectConfigurationPlatforms) = postSolution
		{DF577D11-1BAC-41ED-A3EE-30429EE47E6B}.Debug|Any CPU.ActiveCfg = Debug|Any CPU
		{DF577D11-1BAC-41ED-A3EE-30429EE47E6B}.Debug|Any CPU.Build.0 = Debug|Any CPU
		{DF577D11-1BAC-41ED-A3EE-30429EE47E6B}.Release|Any CPU.ActiveCfg = Release|Any CPU
		{DF577D11-1BAC-41ED-A3EE-30429EE47E6B}.Release|Any CPU.Build.0 = Release|Any CPU
	EndGlobalSection
	GlobalSection(SolutionProperties) = preSolution
		HideSolutionNode = FALSE
	EndGlobalSection
	GlobalSection(ExtensibilityGlobals) = postSolution
		SolutionGuid = {3BF68F43-5E80-4784-83D8-4EDD7AC4994A}
	EndGlobalSection
EndGlobal
